
Microsoft Visual Studio Solution File, Format Version 12.00
# Visual Studio Version 17
VisualStudioVersion = 17.9.34728.123
MinimumVisualStudioVersion = 10.0.40219.1
Project("{9A19103F-16F7-4668-BE54-9A1E7A4F7556}") = "NET1806_LittleJoy.API", "NET1806_LittleJoy.API\NET1806_LittleJoy.API.csproj", "{BED5BA7D-61E7-4C6E-9A30-1B25C469D7F0}"
EndProject
Project("{9A19103F-16F7-4668-BE54-9A1E7A4F7556}") = "NET1806_LittleJoy.Repository", "NET1806_LittleJoy.Repository\NET1806_LittleJoy.Repository.csproj", "{D3C6B9AB-029A-4581-AB69-908D2EA3DD08}"
EndProject
Project("{9A19103F-16F7-4668-BE54-9A1E7A4F7556}") = "NET1806_LittleJoy.Service", "NET1806_LittleJoy.Service\NET1806_LittleJoy.Service.csproj", "{EF57D700-381A-477C-8E6C-1D08052A9479}"
EndProject
Project("{9A19103F-16F7-4668-BE54-9A1E7A4F7556}") = "TestProject", "TestProject\TestProject.csproj", "{9ACEBD8F-A978-4906-A7C2-FCCE0215104D}"
EndProject
Project("{9A19103F-16F7-4668-BE54-9A1E7A4F7556}") = "TestCreateBlog", "TestCreateBlog\TestCreateBlog.csproj", "{17B6CC76-2924-44D9-8A56-C23B206932A3}"
EndProject
Project("{9A19103F-16F7-4668-BE54-9A1E7A4F7556}") = "TestUpdateBlog", "TestUpdateBlog\TestUpdateBlog.csproj", "{32ED3721-08B6-4815-BB3C-9F994E1A3CCA}"
EndProject
Project("{9A19103F-16F7-4668-BE54-9A1E7A4F7556}") = "TestDeleteBlog", "TestDeleteBlog\TestDeleteBlog.csproj", "{A57DD2DA-3F79-4111-8659-2059EB4A9389}"
EndProject
Project("{9A19103F-16F7-4668-BE54-9A1E7A4F7556}") = "TestGetBlogs", "TestGetBlogs\TestGetBlogs.csproj", "{0CA1282A-1676-4D25-A255-D4684136D295}"
EndProject
Global
	GlobalSection(SolutionConfigurationPlatforms) = preSolution
		Debug|Any CPU = Debug|Any CPU
		Release|Any CPU = Release|Any CPU
	EndGlobalSection
	GlobalSection(ProjectConfigurationPlatforms) = postSolution
		{BED5BA7D-61E7-4C6E-9A30-1B25C469D7F0}.Debug|Any CPU.ActiveCfg = Debug|Any CPU
		{BED5BA7D-61E7-4C6E-9A30-1B25C469D7F0}.Debug|Any CPU.Build.0 = Debug|Any CPU
		{BED5BA7D-61E7-4C6E-9A30-1B25C469D7F0}.Release|Any CPU.ActiveCfg = Release|Any CPU
		{BED5BA7D-61E7-4C6E-9A30-1B25C469D7F0}.Release|Any CPU.Build.0 = Release|Any CPU
		{D3C6B9AB-029A-4581-AB69-908D2EA3DD08}.Debug|Any CPU.ActiveCfg = Debug|Any CPU
		{D3C6B9AB-029A-4581-AB69-908D2EA3DD08}.Debug|Any CPU.Build.0 = Debug|Any CPU
		{D3C6B9AB-029A-4581-AB69-908D2EA3DD08}.Release|Any CPU.ActiveCfg = Release|Any CPU
		{D3C6B9AB-029A-4581-AB69-908D2EA3DD08}.Release|Any CPU.Build.0 = Release|Any CPU
		{EF57D700-381A-477C-8E6C-1D08052A9479}.Debug|Any CPU.ActiveCfg = Debug|Any CPU
		{EF57D700-381A-477C-8E6C-1D08052A9479}.Debug|Any CPU.Build.0 = Debug|Any CPU
		{EF57D700-381A-477C-8E6C-1D08052A9479}.Release|Any CPU.ActiveCfg = Release|Any CPU
		{EF57D700-381A-477C-8E6C-1D08052A9479}.Release|Any CPU.Build.0 = Release|Any CPU
		{9ACEBD8F-A978-4906-A7C2-FCCE0215104D}.Debug|Any CPU.ActiveCfg = Debug|Any CPU
		{9ACEBD8F-A978-4906-A7C2-FCCE0215104D}.Debug|Any CPU.Build.0 = Debug|Any CPU
		{9ACEBD8F-A978-4906-A7C2-FCCE0215104D}.Release|Any CPU.ActiveCfg = Release|Any CPU
		{9ACEBD8F-A978-4906-A7C2-FCCE0215104D}.Release|Any CPU.Build.0 = Release|Any CPU
		{17B6CC76-2924-44D9-8A56-C23B206932A3}.Debug|Any CPU.ActiveCfg = Debug|Any CPU
		{17B6CC76-2924-44D9-8A56-C23B206932A3}.Debug|Any CPU.Build.0 = Debug|Any CPU
		{17B6CC76-2924-44D9-8A56-C23B206932A3}.Release|Any CPU.ActiveCfg = Release|Any CPU
		{17B6CC76-2924-44D9-8A56-C23B206932A3}.Release|Any CPU.Build.0 = Release|Any CPU
		{32ED3721-08B6-4815-BB3C-9F994E1A3CCA}.Debug|Any CPU.ActiveCfg = Debug|Any CPU
		{32ED3721-08B6-4815-BB3C-9F994E1A3CCA}.Debug|Any CPU.Build.0 = Debug|Any CPU
		{32ED3721-08B6-4815-BB3C-9F994E1A3CCA}.Release|Any CPU.ActiveCfg = Release|Any CPU
		{32ED3721-08B6-4815-BB3C-9F994E1A3CCA}.Release|Any CPU.Build.0 = Release|Any CPU
		{A57DD2DA-3F79-4111-8659-2059EB4A9389}.Debug|Any CPU.ActiveCfg = Debug|Any CPU
		{A57DD2DA-3F79-4111-8659-2059EB4A9389}.Debug|Any CPU.Build.0 = Debug|Any CPU
		{A57DD2DA-3F79-4111-8659-2059EB4A9389}.Release|Any CPU.ActiveCfg = Release|Any CPU
		{A57DD2DA-3F79-4111-8659-2059EB4A9389}.Release|Any CPU.Build.0 = Release|Any CPU
		{0CA1282A-1676-4D25-A255-D4684136D295}.Debug|Any CPU.ActiveCfg = Debug|Any CPU
		{0CA1282A-1676-4D25-A255-D4684136D295}.Debug|Any CPU.Build.0 = Debug|Any CPU
		{0CA1282A-1676-4D25-A255-D4684136D295}.Release|Any CPU.ActiveCfg = Release|Any CPU
		{0CA1282A-1676-4D25-A255-D4684136D295}.Release|Any CPU.Build.0 = Release|Any CPU
	EndGlobalSection
	GlobalSection(SolutionProperties) = preSolution
		HideSolutionNode = FALSE
	EndGlobalSection
	GlobalSection(ExtensibilityGlobals) = postSolution
		SolutionGuid = {9A68B728-4DA5-4273-8623-BF0013B5F7A4}
	EndGlobalSection
EndGlobal
